
Microsoft Visual Studio Solution File, Format Version 12.00
# Visual Studio Version 17
VisualStudioVersion = 17.4.33205.214
MinimumVisualStudioVersion = 10.0.40219.1
Project("{FAE04EC0-301F-11D3-BF4B-00C04F79EFBC}") = "CSharpScriptExecutor", "CSharpScriptExecutor\CSharpScriptExecutor.csproj", "{0B5CA911-5D2F-4BA8-8D10-63BF1F13AEFA}"
EndProject
Global
	GlobalSection(SolutionConfigurationPlatforms) = preSolution
		Debug|Any CPU = Debug|Any CPU
		Release|Any CPU = Release|Any CPU
	EndGlobalSection
	GlobalSection(ProjectConfigurationPlatforms) = postSolution
		{0B5CA911-5D2F-4BA8-8D10-63BF1F13AEFA}.Debug|Any CPU.ActiveCfg = Debug|Any CPU
		{0B5CA911-5D2F-4BA8-8D10-63BF1F13AEFA}.Debug|Any CPU.Build.0 = Debug|Any CPU
		{0B5CA911-5D2F-4BA8-8D10-63BF1F13AEFA}.Release|Any CPU.ActiveCfg = Release|Any CPU
		{0B5CA911-5D2F-4BA8-8D10-63BF1F13AEFA}.Release|Any CPU.Build.0 = Release|Any CPU
	EndGlobalSection
	GlobalSection(SolutionProperties) = preSolution
		HideSolutionNode = FALSE
	EndGlobalSection
	GlobalSection(ExtensibilityGlobals) = postSolution
		SolutionGuid = {138F2F19-FA3C-4A16-BB00-BDFA0895207B}
	EndGlobalSection
EndGlobal
